
Microsoft Visual Studio Solution File, Format Version 12.00
# Visual Studio Version 16
VisualStudioVersion = 16.0.30406.217
MinimumVisualStudioVersion = 10.0.40219.1
Project("{2150E333-8FDC-42A3-9474-1A3956D46DE8}") = "src", "src", "{BE7CBF1E-DD38-464A-9E60-81AD987AFD6B}"
EndProject
Project("{2150E333-8FDC-42A3-9474-1A3956D46DE8}") = "test", "test", "{D4223462-1AD0-498D-BFB2-7CC7040E439C}"
EndProject
Project("{2150E333-8FDC-42A3-9474-1A3956D46DE8}") = "docs", "docs", "{2D8B9831-A760-4529-B687-68DF3EFEC772}"
EndProject
Project("{FAE04EC0-301F-11D3-BF4B-00C04F79EFBC}") = "BilgeAdam.NTier.ERP.App", "src\BilgeAdam.NTier.ERP.App\BilgeAdam.NTier.ERP.App.csproj", "{BC3EC23F-CA58-4A97-980E-B1683709B8D4}"
EndProject
Project("{2150E333-8FDC-42A3-9474-1A3956D46DE8}") = "transform", "transform", "{7440AEE9-60C6-40E4-983D-A439656033A6}"
EndProject
Project("{FAE04EC0-301F-11D3-BF4B-00C04F79EFBC}") = "BilgeAdam.NTier.ERP.Dto.Products", "src\transform\BilgeAdam.NTier.ERP.Dto.Products\BilgeAdam.NTier.ERP.Dto.Products.csproj", "{441D2582-D1EF-4615-B076-D19F2387E2F2}"
EndProject
Project("{FAE04EC0-301F-11D3-BF4B-00C04F79EFBC}") = "BilgeAdam.NTier.ERP.Dto.Categories", "src\transform\BilgeAdam.NTier.ERP.Dto.Categories\BilgeAdam.NTier.ERP.Dto.Categories.csproj", "{07399B9A-76F0-4F0E-B1BA-1083048AFBD8}"
EndProject
Project("{FAE04EC0-301F-11D3-BF4B-00C04F79EFBC}") = "BilgeAdam.NTier.ERP.Dto.Suppliers", "src\transform\BilgeAdam.NTier.ERP.Dto.Suppliers\BilgeAdam.NTier.ERP.Dto.Suppliers.csproj", "{1166D365-DB2A-4619-8AA4-44EA9AA9A037}"
EndProject
Project("{2150E333-8FDC-42A3-9474-1A3956D46DE8}") = "data", "data", "{E94102A7-01C9-4BD3-BC74-6C9996A9DABE}"
EndProject
Project("{FAE04EC0-301F-11D3-BF4B-00C04F79EFBC}") = "BilgeAdam.NTier.ERP.Data.Entities", "src\data\BilgeAdam.NTier.ERP.Data.Entities\BilgeAdam.NTier.ERP.Data.Entities.csproj", "{B26CAA69-A846-4490-8A1C-3AAC22E5A49E}"
EndProject
Project("{FAE04EC0-301F-11D3-BF4B-00C04F79EFBC}") = "BilgeAdam.NTier.ERP.Data.Context", "src\data\BilgeAdam.NTier.ERP.Data.Context\BilgeAdam.NTier.ERP.Data.Context.csproj", "{FAFDE476-D21B-4178-B2A7-5A987758860A}"
EndProject
Project("{FAE04EC0-301F-11D3-BF4B-00C04F79EFBC}") = "BilgeAdam.NTier.ERP.Data.Access", "src\data\BilgeAdam.NTier.ERP.Data.Access\BilgeAdam.NTier.ERP.Data.Access.csproj", "{3A15DD9B-B280-4EBA-A874-B952D91B0BED}"
EndProject
Project("{2150E333-8FDC-42A3-9474-1A3956D46DE8}") = "services", "services", "{2DA5EBF6-2E44-4195-8A22-D528FFF511FE}"
EndProject
Project("{FAE04EC0-301F-11D3-BF4B-00C04F79EFBC}") = "BilgeAdam.NTier.ERP.Service.Products", "src\services\BilgeAdam.NTier.ERP.Service.Products\BilgeAdam.NTier.ERP.Service.Products.csproj", "{0FFCBA18-A77F-460A-8FB1-BBD7C5DE15DE}"
EndProject
Project("{FAE04EC0-301F-11D3-BF4B-00C04F79EFBC}") = "BilgeAdam.NTier.ERP.Service.Suppliers", "src\services\BilgeAdam.NTier.ERP.Service.Suppliers\BilgeAdam.NTier.ERP.Service.Suppliers.csproj", "{236269A2-05CC-4E50-A46D-DD28EA3ED1D2}"
EndProject
Project("{FAE04EC0-301F-11D3-BF4B-00C04F79EFBC}") = "BilgeAdam.NTier.ERP.Tests", "test\BilgeAdam.NTier.ERP.Tests\BilgeAdam.NTier.ERP.Tests.csproj", "{44935DAD-0951-4FC7-8821-E7FB1FBC9F6F}"
EndProject
Project("{FAE04EC0-301F-11D3-BF4B-00C04F79EFBC}") = "BilgeAdam.NTier.ERP.Dto.Employees", "src\transform\BilgeAdam.NTier.ERP.Dto.Employees\BilgeAdam.NTier.ERP.Dto.Employees.csproj", "{346C1C75-C08A-4CA0-9159-32EC123F0E60}"
EndProject
Project("{FAE04EC0-301F-11D3-BF4B-00C04F79EFBC}") = "BilgeAdam.NTier.ERP.Service.Employees", "src\services\BilgeAdam.NTier.ERP.Service.Employees\BilgeAdam.NTier.ERP.Service.Employees.csproj", "{A774A55B-0CF6-4F9F-BCDF-D900F60926CE}"
EndProject
Global
	GlobalSection(SolutionConfigurationPlatforms) = preSolution
		Debug|Any CPU = Debug|Any CPU
		Release|Any CPU = Release|Any CPU
	EndGlobalSection
	GlobalSection(ProjectConfigurationPlatforms) = postSolution
		{BC3EC23F-CA58-4A97-980E-B1683709B8D4}.Debug|Any CPU.ActiveCfg = Debug|Any CPU
		{BC3EC23F-CA58-4A97-980E-B1683709B8D4}.Debug|Any CPU.Build.0 = Debug|Any CPU
		{BC3EC23F-CA58-4A97-980E-B1683709B8D4}.Release|Any CPU.ActiveCfg = Release|Any CPU
		{BC3EC23F-CA58-4A97-980E-B1683709B8D4}.Release|Any CPU.Build.0 = Release|Any CPU
		{441D2582-D1EF-4615-B076-D19F2387E2F2}.Debug|Any CPU.ActiveCfg = Debug|Any CPU
		{441D2582-D1EF-4615-B076-D19F2387E2F2}.Debug|Any CPU.Build.0 = Debug|Any CPU
		{441D2582-D1EF-4615-B076-D19F2387E2F2}.Release|Any CPU.ActiveCfg = Release|Any CPU
		{441D2582-D1EF-4615-B076-D19F2387E2F2}.Release|Any CPU.Build.0 = Release|Any CPU
		{07399B9A-76F0-4F0E-B1BA-1083048AFBD8}.Debug|Any CPU.ActiveCfg = Debug|Any CPU
		{07399B9A-76F0-4F0E-B1BA-1083048AFBD8}.Debug|Any CPU.Build.0 = Debug|Any CPU
		{07399B9A-76F0-4F0E-B1BA-1083048AFBD8}.Release|Any CPU.ActiveCfg = Release|Any CPU
		{07399B9A-76F0-4F0E-B1BA-1083048AFBD8}.Release|Any CPU.Build.0 = Release|Any CPU
		{1166D365-DB2A-4619-8AA4-44EA9AA9A037}.Debug|Any CPU.ActiveCfg = Debug|Any CPU
		{1166D365-DB2A-4619-8AA4-44EA9AA9A037}.Debug|Any CPU.Build.0 = Debug|Any CPU
		{1166D365-DB2A-4619-8AA4-44EA9AA9A037}.Release|Any CPU.ActiveCfg = Release|Any CPU
		{1166D365-DB2A-4619-8AA4-44EA9AA9A037}.Release|Any CPU.Build.0 = Release|Any CPU
		{B26CAA69-A846-4490-8A1C-3AAC22E5A49E}.Debug|Any CPU.ActiveCfg = Debug|Any CPU
		{B26CAA69-A846-4490-8A1C-3AAC22E5A49E}.Debug|Any CPU.Build.0 = Debug|Any CPU
		{B26CAA69-A846-4490-8A1C-3AAC22E5A49E}.Release|Any CPU.ActiveCfg = Release|Any CPU
		{B26CAA69-A846-4490-8A1C-3AAC22E5A49E}.Release|Any CPU.Build.0 = Release|Any CPU
		{FAFDE476-D21B-4178-B2A7-5A987758860A}.Debug|Any CPU.ActiveCfg = Debug|Any CPU
		{FAFDE476-D21B-4178-B2A7-5A987758860A}.Debug|Any CPU.Build.0 = Debug|Any CPU
		{FAFDE476-D21B-4178-B2A7-5A987758860A}.Release|Any CPU.ActiveCfg = Release|Any CPU
		{FAFDE476-D21B-4178-B2A7-5A987758860A}.Release|Any CPU.Build.0 = Release|Any CPU
		{3A15DD9B-B280-4EBA-A874-B952D91B0BED}.Debug|Any CPU.ActiveCfg = Debug|Any CPU
		{3A15DD9B-B280-4EBA-A874-B952D91B0BED}.Debug|Any CPU.Build.0 = Debug|Any CPU
		{3A15DD9B-B280-4EBA-A874-B952D91B0BED}.Release|Any CPU.ActiveCfg = Release|Any CPU
		{3A15DD9B-B280-4EBA-A874-B952D91B0BED}.Release|Any CPU.Build.0 = Release|Any CPU
		{0FFCBA18-A77F-460A-8FB1-BBD7C5DE15DE}.Debug|Any CPU.ActiveCfg = Debug|Any CPU
		{0FFCBA18-A77F-460A-8FB1-BBD7C5DE15DE}.Debug|Any CPU.Build.0 = Debug|Any CPU
		{0FFCBA18-A77F-460A-8FB1-BBD7C5DE15DE}.Release|Any CPU.ActiveCfg = Release|Any CPU
		{0FFCBA18-A77F-460A-8FB1-BBD7C5DE15DE}.Release|Any CPU.Build.0 = Release|Any CPU
		{236269A2-05CC-4E50-A46D-DD28EA3ED1D2}.Debug|Any CPU.ActiveCfg = Debug|Any CPU
		{236269A2-05CC-4E50-A46D-DD28EA3ED1D2}.Debug|Any CPU.Build.0 = Debug|Any CPU
		{236269A2-05CC-4E50-A46D-DD28EA3ED1D2}.Release|Any CPU.ActiveCfg = Release|Any CPU
		{236269A2-05CC-4E50-A46D-DD28EA3ED1D2}.Release|Any CPU.Build.0 = Release|Any CPU
		{44935DAD-0951-4FC7-8821-E7FB1FBC9F6F}.Debug|Any CPU.ActiveCfg = Debug|Any CPU
		{44935DAD-0951-4FC7-8821-E7FB1FBC9F6F}.Debug|Any CPU.Build.0 = Debug|Any CPU
		{44935DAD-0951-4FC7-8821-E7FB1FBC9F6F}.Release|Any CPU.ActiveCfg = Release|Any CPU
		{44935DAD-0951-4FC7-8821-E7FB1FBC9F6F}.Release|Any CPU.Build.0 = Release|Any CPU
		{346C1C75-C08A-4CA0-9159-32EC123F0E60}.Debug|Any CPU.ActiveCfg = Debug|Any CPU
		{346C1C75-C08A-4CA0-9159-32EC123F0E60}.Debug|Any CPU.Build.0 = Debug|Any CPU
		{346C1C75-C08A-4CA0-9159-32EC123F0E60}.Release|Any CPU.ActiveCfg = Release|Any CPU
		{346C1C75-C08A-4CA0-9159-32EC123F0E60}.Release|Any CPU.Build.0 = Release|Any CPU
		{A774A55B-0CF6-4F9F-BCDF-D900F60926CE}.Debug|Any CPU.ActiveCfg = Debug|Any CPU
		{A774A55B-0CF6-4F9F-BCDF-D900F60926CE}.Debug|Any CPU.Build.0 = Debug|Any CPU
		{A774A55B-0CF6-4F9F-BCDF-D900F60926CE}.Release|Any CPU.ActiveCfg = Release|Any CPU
		{A774A55B-0CF6-4F9F-BCDF-D900F60926CE}.Release|Any CPU.Build.0 = Release|Any CPU
	EndGlobalSection
	GlobalSection(SolutionProperties) = preSolution
		HideSolutionNode = FALSE
	EndGlobalSection
	GlobalSection(NestedProjects) = preSolution
		{BC3EC23F-CA58-4A97-980E-B1683709B8D4} = {BE7CBF1E-DD38-464A-9E60-81AD987AFD6B}
		{7440AEE9-60C6-40E4-983D-A439656033A6} = {BE7CBF1E-DD38-464A-9E60-81AD987AFD6B}
		{441D2582-D1EF-4615-B076-D19F2387E2F2} = {7440AEE9-60C6-40E4-983D-A439656033A6}
		{07399B9A-76F0-4F0E-B1BA-1083048AFBD8} = {7440AEE9-60C6-40E4-983D-A439656033A6}
		{1166D365-DB2A-4619-8AA4-44EA9AA9A037} = {7440AEE9-60C6-40E4-983D-A439656033A6}
		{E94102A7-01C9-4BD3-BC74-6C9996A9DABE} = {BE7CBF1E-DD38-464A-9E60-81AD987AFD6B}
		{B26CAA69-A846-4490-8A1C-3AAC22E5A49E} = {E94102A7-01C9-4BD3-BC74-6C9996A9DABE}
		{FAFDE476-D21B-4178-B2A7-5A987758860A} = {E94102A7-01C9-4BD3-BC74-6C9996A9DABE}
		{3A15DD9B-B280-4EBA-A874-B952D91B0BED} = {E94102A7-01C9-4BD3-BC74-6C9996A9DABE}
		{2DA5EBF6-2E44-4195-8A22-D528FFF511FE} = {BE7CBF1E-DD38-464A-9E60-81AD987AFD6B}
		{0FFCBA18-A77F-460A-8FB1-BBD7C5DE15DE} = {2DA5EBF6-2E44-4195-8A22-D528FFF511FE}
		{236269A2-05CC-4E50-A46D-DD28EA3ED1D2} = {2DA5EBF6-2E44-4195-8A22-D528FFF511FE}
		{44935DAD-0951-4FC7-8821-E7FB1FBC9F6F} = {D4223462-1AD0-498D-BFB2-7CC7040E439C}
		{346C1C75-C08A-4CA0-9159-32EC123F0E60} = {7440AEE9-60C6-40E4-983D-A439656033A6}
		{A774A55B-0CF6-4F9F-BCDF-D900F60926CE} = {2DA5EBF6-2E44-4195-8A22-D528FFF511FE}
	EndGlobalSection
	GlobalSection(ExtensibilityGlobals) = postSolution
		SolutionGuid = {69B9F065-2679-4B22-A678-31CEFC11AF83}
	EndGlobalSection
EndGlobal
